
Microsoft Visual Studio Solution File, Format Version 12.00
# Visual Studio 15
VisualStudioVersion = 15.0.26730.16
MinimumVisualStudioVersion = 10.0.40219.1
Project("{8BC9CEB8-8B4A-11D0-8D11-00A0C91BC942}") = "polynom", "polynom\polynom.vcxproj", "{21C89D12-C5BB-4638-A1B8-62AC2E2CB562}"
EndProject
Project("{8BC9CEB8-8B4A-11D0-8D11-00A0C91BC942}") = "gtest", "gtest\gtest.vcxproj", "{3D2C240B-A727-4981-8655-89721FDA0A75}"
EndProject
Project("{8BC9CEB8-8B4A-11D0-8D11-00A0C91BC942}") = "Sample", "Sample\Sample.vcxproj", "{2B542D2F-DC34-4DC4-8FAA-3451ABCF17D4}"
EndProject
Project("{8BC9CEB8-8B4A-11D0-8D11-00A0C91BC942}") = "tests", "tests\tests.vcxproj", "{A2614BF5-F30E-46BD-8842-879F4FAF6D63}"
EndProject
Global
	GlobalSection(SolutionConfigurationPlatforms) = preSolution
		Debug|x64 = Debug|x64
		Debug|x86 = Debug|x86
		Release|x64 = Release|x64
		Release|x86 = Release|x86
	EndGlobalSection
	GlobalSection(ProjectConfigurationPlatforms) = postSolution
		{21C89D12-C5BB-4638-A1B8-62AC2E2CB562}.Debug|x64.ActiveCfg = Debug|x64
		{21C89D12-C5BB-4638-A1B8-62AC2E2CB562}.Debug|x64.Build.0 = Debug|x64
		{21C89D12-C5BB-4638-A1B8-62AC2E2CB562}.Debug|x86.ActiveCfg = Debug|Win32
		{21C89D12-C5BB-4638-A1B8-62AC2E2CB562}.Debug|x86.Build.0 = Debug|Win32
		{21C89D12-C5BB-4638-A1B8-62AC2E2CB562}.Release|x64.ActiveCfg = Release|x64
		{21C89D12-C5BB-4638-A1B8-62AC2E2CB562}.Release|x64.Build.0 = Release|x64
		{21C89D12-C5BB-4638-A1B8-62AC2E2CB562}.Release|x86.ActiveCfg = Release|Win32
		{21C89D12-C5BB-4638-A1B8-62AC2E2CB562}.Release|x86.Build.0 = Release|Win32
		{3D2C240B-A727-4981-8655-89721FDA0A75}.Debug|x64.ActiveCfg = Debug|x64
		{3D2C240B-A727-4981-8655-89721FDA0A75}.Debug|x64.Build.0 = Debug|x64
		{3D2C240B-A727-4981-8655-89721FDA0A75}.Debug|x86.ActiveCfg = Debug|Win32
		{3D2C240B-A727-4981-8655-89721FDA0A75}.Debug|x86.Build.0 = Debug|Win32
		{3D2C240B-A727-4981-8655-89721FDA0A75}.Release|x64.ActiveCfg = Release|x64
		{3D2C240B-A727-4981-8655-89721FDA0A75}.Release|x64.Build.0 = Release|x64
		{3D2C240B-A727-4981-8655-89721FDA0A75}.Release|x86.ActiveCfg = Release|Win32
		{3D2C240B-A727-4981-8655-89721FDA0A75}.Release|x86.Build.0 = Release|Win32
		{2B542D2F-DC34-4DC4-8FAA-3451ABCF17D4}.Debug|x64.ActiveCfg = Debug|x64
		{2B542D2F-DC34-4DC4-8FAA-3451ABCF17D4}.Debug|x64.Build.0 = Debug|x64
		{2B542D2F-DC34-4DC4-8FAA-3451ABCF17D4}.Debug|x86.ActiveCfg = Debug|Win32
		{2B542D2F-DC34-4DC4-8FAA-3451ABCF17D4}.Debug|x86.Build.0 = Debug|Win32
		{2B542D2F-DC34-4DC4-8FAA-3451ABCF17D4}.Release|x64.ActiveCfg = Release|x64
		{2B542D2F-DC34-4DC4-8FAA-3451ABCF17D4}.Release|x64.Build.0 = Release|x64
		{2B542D2F-DC34-4DC4-8FAA-3451ABCF17D4}.Release|x86.ActiveCfg = Release|Win32
		{2B542D2F-DC34-4DC4-8FAA-3451ABCF17D4}.Release|x86.Build.0 = Release|Win32
		{A2614BF5-F30E-46BD-8842-879F4FAF6D63}.Debug|x64.ActiveCfg = Debug|x64
		{A2614BF5-F30E-46BD-8842-879F4FAF6D63}.Debug|x64.Build.0 = Debug|x64
		{A2614BF5-F30E-46BD-8842-879F4FAF6D63}.Debug|x86.ActiveCfg = Debug|Win32
		{A2614BF5-F30E-46BD-8842-879F4FAF6D63}.Debug|x86.Build.0 = Debug|Win32
		{A2614BF5-F30E-46BD-8842-879F4FAF6D63}.Release|x64.ActiveCfg = Release|x64
		{A2614BF5-F30E-46BD-8842-879F4FAF6D63}.Release|x64.Build.0 = Release|x64
		{A2614BF5-F30E-46BD-8842-879F4FAF6D63}.Release|x86.ActiveCfg = Release|Win32
		{A2614BF5-F30E-46BD-8842-879F4FAF6D63}.Release|x86.Build.0 = Release|Win32
	EndGlobalSection
	GlobalSection(SolutionProperties) = preSolution
		HideSolutionNode = FALSE
	EndGlobalSection
	GlobalSection(ExtensibilityGlobals) = postSolution
		SolutionGuid = {BDFDAA27-B7AC-4F2C-805F-D2912B9BB5B8}
	EndGlobalSection
EndGlobal
